// !$*UTF8*$!
{
	archiveVersion = 1;
	classes = {
	};
	objectVersion = 50;
	objects = {

/* Begin PBXBuildFile section */
		83338E41225E516D00443CDC /* goal.wav in Resources */ = {isa = PBXBuildFile; fileRef = 83338E3E225E516C00443CDC /* goal.wav */; };
		83338E42225E516D00443CDC /* cheering.mp3 in Resources */ = {isa = PBXBuildFile; fileRef = 83338E3F225E516C00443CDC /* cheering.mp3 */; };
		83338E43225E516D00443CDC /* kick.wav in Resources */ = {isa = PBXBuildFile; fileRef = 83338E40225E516C00443CDC /* kick.wav */; };
		83FCB25722570677007A60BF /* AppDelegate.swift in Sources */ = {isa = PBXBuildFile; fileRef = 83FCB25622570677007A60BF /* AppDelegate.swift */; };
		83FCB25922570677007A60BF /* art.scnassets in Resources */ = {isa = PBXBuildFile; fileRef = 83FCB25822570677007A60BF /* art.scnassets */; };
		83FCB25B22570677007A60BF /* GameViewController.swift in Sources */ = {isa = PBXBuildFile; fileRef = 83FCB25A22570677007A60BF /* GameViewController.swift */; };
		83FCB25E22570677007A60BF /* Main.storyboard in Resources */ = {isa = PBXBuildFile; fileRef = 83FCB25C22570677007A60BF /* Main.storyboard */; };
		83FCB26022570679007A60BF /* Assets.xcassets in Resources */ = {isa = PBXBuildFile; fileRef = 83FCB25F22570679007A60BF /* Assets.xcassets */; };
		83FCB26322570679007A60BF /* LaunchScreen.storyboard in Resources */ = {isa = PBXBuildFile; fileRef = 83FCB26122570679007A60BF /* LaunchScreen.storyboard */; };
/* End PBXBuildFile section */

/* Begin PBXFileReference section */
		83338E3E225E516C00443CDC /* goal.wav */ = {isa = PBXFileReference; lastKnownFileType = audio.wav; path = goal.wav; sourceTree = "<group>"; };
		83338E3F225E516C00443CDC /* cheering.mp3 */ = {isa = PBXFileReference; lastKnownFileType = audio.mp3; path = cheering.mp3; sourceTree = "<group>"; };
		83338E40225E516C00443CDC /* kick.wav */ = {isa = PBXFileReference; lastKnownFileType = audio.wav; path = kick.wav; sourceTree = "<group>"; };
		83D562C0228359C100471343 /* FlickSoccer.entitlements */ = {isa = PBXFileReference; lastKnownFileType = text.plist.entitlements; path = FlickSoccer.entitlements; sourceTree = "<group>"; };
		83FCB25322570676007A60BF /* FlickSoccer.app */ = {isa = PBXFileReference; explicitFileType = wrapper.application; includeInIndex = 0; path = FlickSoccer.app; sourceTree = BUILT_PRODUCTS_DIR; };
		83FCB25622570677007A60BF /* AppDelegate.swift */ = {isa = PBXFileReference; lastKnownFileType = sourcecode.swift; path = AppDelegate.swift; sourceTree = "<group>"; };
		83FCB25822570677007A60BF /* art.scnassets */ = {isa = PBXFileReference; lastKnownFileType = wrapper.scnassets; path = art.scnassets; sourceTree = "<group>"; };
		83FCB25A22570677007A60BF /* GameViewController.swift */ = {isa = PBXFileReference; lastKnownFileType = sourcecode.swift; path = GameViewController.swift; sourceTree = "<group>"; };
		83FCB25D22570677007A60BF /* Base */ = {isa = PBXFileReference; lastKnownFileType = file.storyboard; name = Base; path = Base.lproj/Main.storyboard; sourceTree = "<group>"; };
		83FCB25F22570679007A60BF /* Assets.xcassets */ = {isa = PBXFileReference; lastKnownFileType = folder.assetcatalog; path = Assets.xcassets; sourceTree = "<group>"; };
		83FCB26222570679007A60BF /* Base */ = {isa = PBXFileReference; lastKnownFileType = file.storyboard; name = Base; path = Base.lproj/LaunchScreen.storyboard; sourceTree = "<group>"; };
		83FCB26422570679007A60BF /* Info.plist */ = {isa = PBXFileReference; lastKnownFileType = text.plist.xml; path = Info.plist; sourceTree = "<group>"; };
/* End PBXFileReference section */

/* Begin PBXFrameworksBuildPhase section */
		83FCB25022570676007A60BF /* Frameworks */ = {
			isa = PBXFrameworksBuildPhase;
			buildActionMask = 2147483647;
			files = (
			);
			runOnlyForDeploymentPostprocessing = 0;
		};
/* End PBXFrameworksBuildPhase section */

/* Begin PBXGroup section */
		83338E3D225E516C00443CDC /* Sounds */ = {
			isa = PBXGroup;
			children = (
				83338E3E225E516C00443CDC /* goal.wav */,
				83338E3F225E516C00443CDC /* cheering.mp3 */,
				83338E40225E516C00443CDC /* kick.wav */,
			);
			path = Sounds;
			sourceTree = "<group>";
		};
		83D562BD2283597100471343 /* Frameworks */ = {
			isa = PBXGroup;
			children = (
			);
			name = Frameworks;
			sourceTree = "<group>";
		};
		83FCB24A22570676007A60BF = {
			isa = PBXGroup;
			children = (
				83FCB25522570676007A60BF /* FlickSoccer */,
				83FCB25422570676007A60BF /* Products */,
				83D562BD2283597100471343 /* Frameworks */,
			);
			sourceTree = "<group>";
		};
		83FCB25422570676007A60BF /* Products */ = {
			isa = PBXGroup;
			children = (
				83FCB25322570676007A60BF /* FlickSoccer.app */,
			);
			name = Products;
			sourceTree = "<group>";
		};
		83FCB25522570676007A60BF /* FlickSoccer */ = {
			isa = PBXGroup;
			children = (
				83D562C0228359C100471343 /* FlickSoccer.entitlements */,
				83338E3D225E516C00443CDC /* Sounds */,
				83FCB25622570677007A60BF /* AppDelegate.swift */,
				83FCB25822570677007A60BF /* art.scnassets */,
				83FCB25A22570677007A60BF /* GameViewController.swift */,
				83FCB25C22570677007A60BF /* Main.storyboard */,
				83FCB25F22570679007A60BF /* Assets.xcassets */,
				83FCB26122570679007A60BF /* LaunchScreen.storyboard */,
				83FCB26422570679007A60BF /* Info.plist */,
			);
			path = FlickSoccer;
			sourceTree = "<group>";
		};
/* End PBXGroup section */

/* Begin PBXNativeTarget section */
		83FCB25222570676007A60BF /* FlickSoccer */ = {
			isa = PBXNativeTarget;
			buildConfigurationList = 83FCB26722570679007A60BF /* Build configuration list for PBXNativeTarget "FlickSoccer" */;
			buildPhases = (
				83FCB24F22570676007A60BF /* Sources */,
				83FCB25022570676007A60BF /* Frameworks */,
				83FCB25122570676007A60BF /* Resources */,
			);
			buildRules = (
			);
			dependencies = (
			);
			name = FlickSoccer;
			productName = FlickSoccer;
			productReference = 83FCB25322570676007A60BF /* FlickSoccer.app */;
			productType = "com.apple.product-type.application";
		};
/* End PBXNativeTarget section */

/* Begin PBXProject section */
		83FCB24B22570676007A60BF /* Project object */ = {
			isa = PBXProject;
			attributes = {
				LastSwiftUpdateCheck = 1020;
				LastUpgradeCheck = 1020;
				ORGANIZATIONNAME = "Chris Gong";
				TargetAttributes = {
					83FCB25222570676007A60BF = {
						CreatedOnToolsVersion = 10.2;
						SystemCapabilities = {
							com.apple.AccessWiFi = {
								enabled = 0;
							};
							com.apple.BackgroundModes = {
								enabled = 0;
							};
							com.apple.ClassKit = {
								enabled = 0;
							};
							com.apple.GameCenter.iOS = {
								enabled = 0;
							};
							com.apple.InAppPurchase = {
								enabled = 0;
							};
							com.apple.WAC = {
								enabled = 0;
							};
						};
					};
				};
			};
			buildConfigurationList = 83FCB24E22570676007A60BF /* Build configuration list for PBXProject "FlickSoccer" */;
			compatibilityVersion = "Xcode 9.3";
			developmentRegion = en;
			hasScannedForEncodings = 0;
			knownRegions = (
				en,
				Base,
			);
			mainGroup = 83FCB24A22570676007A60BF;
			productRefGroup = 83FCB25422570676007A60BF /* Products */;
			projectDirPath = "";
			projectRoot = "";
			targets = (
				83FCB25222570676007A60BF /* FlickSoccer */,
			);
		};
/* End PBXProject section */

/* Begin PBXResourcesBuildPhase section */
		83FCB25122570676007A60BF /* Resources */ = {
			isa = PBXResourcesBuildPhase;
			buildActionMask = 2147483647;
			files = (
				83338E43225E516D00443CDC /* kick.wav in Resources */,
				83338E41225E516D00443CDC /* goal.wav in Resources */,
				83FCB25922570677007A60BF /* art.scnassets in Resources */,
				83FCB26322570679007A60BF /* LaunchScreen.storyboard in Resources */,
				83FCB26022570679007A60BF /* Assets.xcassets in Resources */,
				83FCB25E22570677007A60BF /* Main.storyboard in Resources */,
				83338E42225E516D00443CDC /* cheering.mp3 in Resources */,
			);
			runOnlyForDeploymentPostprocessing = 0;
		};
/* End PBXResourcesBuildPhase section */

/* Begin PBXSourcesBuildPhase section */
		83FCB24F22570676007A60BF /* Sources */ = {
			isa = PBXSourcesBuildPhase;
			buildActionMask = 2147483647;
			files = (
				83FCB25B22570677007A60BF /* GameViewController.swift in Sources */,
				83FCB25722570677007A60BF /* AppDelegate.swift in Sources */,
			);
			runOnlyForDeploymentPostprocessing = 0;
		};
/* End PBXSourcesBuildPhase section */

/* Begin PBXVariantGroup section */
		83FCB25C22570677007A60BF /* Main.storyboard */ = {
			isa = PBXVariantGroup;
			children = (
				83FCB25D22570677007A60BF /* Base */,
			);
			name = Main.storyboard;
			sourceTree = "<group>";
		};
		83FCB26122570679007A60BF /* LaunchScreen.storyboard */ = {
			isa = PBXVariantGroup;
			children = (
				83FCB26222570679007A60BF /* Base */,
			);
			name = LaunchScreen.storyboard;
			sourceTree = "<group>";
		};
/* End PBXVariantGroup section */

/* Begin XCBuildConfiguration section */
		83FCB26522570679007A60BF /* Debug */ = {
			isa = XCBuildConfiguration;
			buildSettings = {
				ALWAYS_SEARCH_USER_PATHS = NO;
				CLANG_ANALYZER_NONNULL = YES;
				CLANG_ANALYZER_NUMBER_OBJECT_CONVERSION = YES_AGGRESSIVE;
				CLANG_CXX_LANGUAGE_STANDARD = "gnu++14";
				CLANG_CXX_LIBRARY = "libc++";
				CLANG_ENABLE_MODULES = YES;
				CLANG_ENABLE_OBJC_ARC = YES;
				CLANG_ENABLE_OBJC_WEAK = YES;
				CLANG_WARN_BLOCK_CAPTURE_AUTORELEASING = YES;
				CLANG_WARN_BOOL_CONVERSION = YES;
				CLANG_WARN_COMMA = YES;
				CLANG_WARN_CONSTANT_CONVERSION = YES;
				CLANG_WARN_DEPRECATED_OBJC_IMPLEMENTATIONS = YES;
				CLANG_WARN_DIRECT_OBJC_ISA_USAGE = YES_ERROR;
				CLANG_WARN_DOCUMENTATION_COMMENTS = YES;
				CLANG_WARN_EMPTY_BODY = YES;
				CLANG_WARN_ENUM_CONVERSION = YES;
				CLANG_WARN_INFINITE_RECURSION = YES;
				CLANG_WARN_INT_CONVERSION = YES;
				CLANG_WARN_NON_LITERAL_NULL_CONVERSION = YES;
				CLANG_WARN_OBJC_IMPLICIT_RETAIN_SELF = YES;
				CLANG_WARN_OBJC_LITERAL_CONVERSION = YES;
				CLANG_WARN_OBJC_ROOT_CLASS = YES_ERROR;
				CLANG_WARN_RANGE_LOOP_ANALYSIS = YES;
				CLANG_WARN_STRICT_PROTOTYPES = YES;
				CLANG_WARN_SUSPICIOUS_MOVE = YES;
				CLANG_WARN_UNGUARDED_AVAILABILITY = YES_AGGRESSIVE;
				CLANG_WARN_UNREACHABLE_CODE = YES;
				CLANG_WARN__DUPLICATE_METHOD_MATCH = YES;
				CODE_SIGN_IDENTITY = "iPhone Developer";
				COPY_PHASE_STRIP = NO;
				DEBUG_INFORMATION_FORMAT = dwarf;
				ENABLE_STRICT_OBJC_MSGSEND = YES;
				ENABLE_TESTABILITY = YES;
				GCC_C_LANGUAGE_STANDARD = gnu11;
				GCC_DYNAMIC_NO_PIC = NO;
				GCC_NO_COMMON_BLOCKS = YES;
				GCC_OPTIMIZATION_LEVEL = 0;
				GCC_PREPROCESSOR_DEFINITIONS = (
					"DEBUG=1",
					"$(inherited)",
				);
				GCC_WARN_64_TO_32_BIT_CONVERSION = YES;
				GCC_WARN_ABOUT_RETURN_TYPE = YES_ERROR;
				GCC_WARN_UNDECLARED_SELECTOR = YES;
				GCC_WARN_UNINITIALIZED_AUTOS = YES_AGGRESSIVE;
				GCC_WARN_UNUSED_FUNCTION = YES;
				GCC_WARN_UNUSED_VARIABLE = YES;
				IPHONEOS_DEPLOYMENT_TARGET = 12.2;
				MTL_ENABLE_DEBUG_INFO = INCLUDE_SOURCE;
				MTL_FAST_MATH = YES;
				ONLY_ACTIVE_ARCH = YES;
				SDKROOT = iphoneos;
				SWIFT_ACTIVE_COMPILATION_CONDITIONS = DEBUG;
				SWIFT_OPTIMIZATION_LEVEL = "-Onone";
			};
			name = Debug;
		};
		83FCB26622570679007A60BF /* Release */ = {
			isa = XCBuildConfiguration;
			buildSettings = {
				ALWAYS_SEARCH_USER_PATHS = NO;
				CLANG_ANALYZER_NONNULL = YES;
				CLANG_ANALYZER_NUMBER_OBJECT_CONVERSION = YES_AGGRESSIVE;
				CLANG_CXX_LANGUAGE_STANDARD = "gnu++14";
				CLANG_CXX_LIBRARY = "libc++";
				CLANG_ENABLE_MODULES = YES;
				CLANG_ENABLE_OBJC_ARC = YES;
				CLANG_ENABLE_OBJC_WEAK = YES;
				CLANG_WARN_BLOCK_CAPTURE_AUTORELEASING = YES;
				CLANG_WARN_BOOL_CONVERSION = YES;
				CLANG_WARN_COMMA = YES;
				CLANG_WARN_CONSTANT_CONVERSION = YES;
				CLANG_WARN_DEPRECATED_OBJC_IMPLEMENTATIONS = YES;
				CLANG_WARN_DIRECT_OBJC_ISA_USAGE = YES_ERROR;
				CLANG_WARN_DOCUMENTATION_COMMENTS = YES;
				CLANG_WARN_EMPTY_BODY = YES;
				CLANG_WARN_ENUM_CONVERSION = YES;
				CLANG_WARN_INFINITE_RECURSION = YES;
				CLANG_WARN_INT_CONVERSION = YES;
				CLANG_WARN_NON_LITERAL_NULL_CONVERSION = YES;
				CLANG_WARN_OBJC_IMPLICIT_RETAIN_SELF = YES;
				CLANG_WARN_OBJC_LITERAL_CONVERSION = YES;
				CLANG_WARN_OBJC_ROOT_CLASS = YES_ERROR;
				CLANG_WARN_RANGE_LOOP_ANALYSIS = YES;
				CLANG_WARN_STRICT_PROTOTYPES = YES;
				CLANG_WARN_SUSPICIOUS_MOVE = YES;
				CLANG_WARN_UNGUARDED_AVAILABILITY = YES_AGGRESSIVE;
				CLANG_WARN_UNREACHABLE_CODE = YES;
				CLANG_WARN__DUPLICATE_METHOD_MATCH = YES;
				CODE_SIGN_IDENTITY = "iPhone Developer";
				COPY_PHASE_STRIP = NO;
				DEBUG_INFORMATION_FORMAT = "dwarf-with-dsym";
				ENABLE_NS_ASSERTIONS = NO;
				ENABLE_STRICT_OBJC_MSGSEND = YES;
				GCC_C_LANGUAGE_STANDARD = gnu11;
				GCC_NO_COMMON_BLOCKS = YES;
				GCC_WARN_64_TO_32_BIT_CONVERSION = YES;
				GCC_WARN_ABOUT_RETURN_TYPE = YES_ERROR;
				GCC_WARN_UNDECLARED_SELECTOR = YES;
				GCC_WARN_UNINITIALIZED_AUTOS = YES_AGGRESSIVE;
				GCC_WARN_UNUSED_FUNCTION = YES;
				GCC_WARN_UNUSED_VARIABLE = YES;
				IPHONEOS_DEPLOYMENT_TARGET = 12.2;
				MTL_ENABLE_DEBUG_INFO = NO;
				MTL_FAST_MATH = YES;
				SDKROOT = iphoneos;
				SWIFT_COMPILATION_MODE = wholemodule;
				SWIFT_OPTIMIZATION_LEVEL = "-O";
				VALIDATE_PRODUCT = YES;
			};
			name = Release;
		};
		83FCB26822570679007A60BF /* Debug */ = {
			isa = XCBuildConfiguration;
			buildSettings = {
				ASSETCATALOG_COMPILER_APPICON_NAME = AppIcon;
				CODE_SIGN_IDENTITY = "iPhone Developer";
				CODE_SIGN_STYLE = Automatic;
				DEVELOPMENT_TEAM = 3MSV6CETUP;
				INFOPLIST_FILE = FlickSoccer/Info.plist;
				LD_RUNPATH_SEARCH_PATHS = (
					"$(inherited)",
					"@executable_path/Frameworks",
				);
				PRODUCT_BUNDLE_IDENTIFIER = com.ChrisGong.SwipeSoccer;
				PRODUCT_NAME = "$(TARGET_NAME)";
				PROVISIONING_PROFILE_SPECIFIER = "";
				SWIFT_VERSION = 5.0;
				TARGETED_DEVICE_FAMILY = "1,2";
			};
			name = Debug;
		};
		83FCB26922570679007A60BF /* Release */ = {
			isa = XCBuildConfiguration;
			buildSettings = {
				ASSETCATALOG_COMPILER_APPICON_NAME = AppIcon;
				CODE_SIGN_IDENTITY = "iPhone Developer";
				CODE_SIGN_STYLE = Automatic;
				DEVELOPMENT_TEAM = 3MSV6CETUP;
				INFOPLIST_FILE = FlickSoccer/Info.plist;
				LD_RUNPATH_SEARCH_PATHS = (
					"$(inherited)",
					"@executable_path/Frameworks",
				);
				PRODUCT_BUNDLE_IDENTIFIER = com.ChrisGong.SwipeSoccer;
				PRODUCT_NAME = "$(TARGET_NAME)";
				PROVISIONING_PROFILE_SPECIFIER = "";
				SWIFT_VERSION = 5.0;
				TARGETED_DEVICE_FAMILY = "1,2";
			};
			name = Release;
		};
/* End XCBuildConfiguration section */

/* Begin XCConfigurationList section */
		83FCB24E22570676007A60BF /* Build configuration list for PBXProject "FlickSoccer" */ = {
			isa = XCConfigurationList;
			buildConfigurations = (
				83FCB26522570679007A60BF /* Debug */,
				83FCB26622570679007A60BF /* Release */,
			);
			defaultConfigurationIsVisible = 0;
			defaultConfigurationName = Release;
		};
		83FCB26722570679007A60BF /* Build configuration list for PBXNativeTarget "FlickSoccer" */ = {
			isa = XCConfigurationList;
			buildConfigurations = (
				83FCB26822570679007A60BF /* Debug */,
				83FCB26922570679007A60BF /* Release */,
			);
			defaultConfigurationIsVisible = 0;
			defaultConfigurationName = Release;
		};
/* End XCConfigurationList section */
	};
	rootObject = 83FCB24B22570676007A60BF /* Project object */;
}
